
Microsoft Visual Studio Solution File, Format Version 12.00
# Visual Studio Version 16
VisualStudioVersion = 16.0.30406.217
MinimumVisualStudioVersion = 10.0.40219.1
Project("{FAE04EC0-301F-11D3-BF4B-00C04F79EFBC}") = "StudentManagement", "StudentManagement.csproj", "{C83FD51E-6182-49D8-929B-B5D56E67771C}"
EndProject
Global
	GlobalSection(SolutionConfigurationPlatforms) = preSolution
		Debug|Any CPU = Debug|Any CPU
		Release|Any CPU = Release|Any CPU
	EndGlobalSection
	GlobalSection(ProjectConfigurationPlatforms) = postSolution
		{C83FD51E-6182-49D8-929B-B5D56E67771C}.Debug|Any CPU.ActiveCfg = Debug|Any CPU
		{C83FD51E-6182-49D8-929B-B5D56E67771C}.Debug|Any CPU.Build.0 = Debug|Any CPU
		{C83FD51E-6182-49D8-929B-B5D56E67771C}.Release|Any CPU.ActiveCfg = Release|Any CPU
		{C83FD51E-6182-49D8-929B-B5D56E67771C}.Release|Any CPU.Build.0 = Release|Any CPU
	EndGlobalSection
	GlobalSection(SolutionProperties) = preSolution
		HideSolutionNode = FALSE
	EndGlobalSection
	GlobalSection(ExtensibilityGlobals) = postSolution
		SolutionGuid = {0B72045A-2CE5-43E2-83A1-66DEA4D373C6}
	EndGlobalSection
EndGlobal
